{
	"name": "babel-preset-web",
	"version": "0.0.1-alpha.1",
	"lockfileVersion": 1,
	"requires": true,
	"dependencies": {
		"@babel/helper-module-imports": {
			"version": "7.0.0",
			"resolved": "https://zuora.jfrog.io/zuora/api/npm/zuora-npm/@babel/helper-module-imports/-/helper-module-imports-7.0.0.tgz",
			"integrity": "sha1-lggbcRHkhtpNLNlxrRpP4hbMLj0=",
			"requires": {
				"@babel/types": "^7.0.0"
			}
		},
		"@babel/helper-plugin-utils": {
			"version": "7.0.0",
			"resolved": "https://zuora.jfrog.io/zuora/api/npm/zuora-npm/@babel/helper-plugin-utils/-/helper-plugin-utils-7.0.0.tgz",
			"integrity": "sha1-u7P77phmHFaQNCN8wDlnupm08lA="
		},
		"@babel/types": {
			"version": "7.4.4",
			"resolved": "https://zuora.jfrog.io/zuora/api/npm/zuora-npm/@babel/types/-/types-7.4.4.tgz",
			"integrity": "sha1-jbnppim7fCk3AAm0t3ntk/5X1fA=",
			"requires": {
				"esutils": "^2.0.2",
				"lodash": "^4.17.11",
				"to-fast-properties": "^2.0.0"
			}
		},
		"@types/node": {
			"version": "12.0.0",
			"resolved": "https://zuora.jfrog.io/zuora/api/npm/zuora-npm/@types/node/-/node-12.0.0.tgz",
			"integrity": "sha1-0RgTucD/iqyinwTLwSgX9MfWVuU="
		},
		"browserslist": {
			"version": "4.5.6",
			"resolved": "https://zuora.jfrog.io/zuora/api/npm/zuora-npm/browserslist/-/browserslist-4.5.6.tgz",
			"integrity": "sha1-6kLoWByiUT+n83HU3Wbadjk4Fj0=",
			"requires": {
				"caniuse-lite": "^1.0.30000963",
				"electron-to-chromium": "^1.3.127",
				"node-releases": "^1.1.17"
			}
		},
		"buffer-from": {
			"version": "1.1.1",
			"resolved": "https://zuora.jfrog.io/zuora/api/npm/zuora-npm/buffer-from/-/buffer-from-1.1.1.tgz",
			"integrity": "sha1-MnE7wCj3XAL9txDXx7zsHyxgcO8="
		},
		"caniuse-lite": {
			"version": "1.0.30000967",
			"resolved": "https://zuora.jfrog.io/zuora/api/npm/zuora-npm/caniuse-lite/-/caniuse-lite-1.0.30000967.tgz",
			"integrity": "sha1-pQOVd4BvzO6AoEqq+ywIkLHuL3M="
		},
		"electron-to-chromium": {
			"version": "1.3.132",
			"resolved": "https://zuora.jfrog.io/zuora/api/npm/zuora-npm/electron-to-chromium/-/electron-to-chromium-1.3.132.tgz",
			"integrity": "sha1-VuFcbW/ndm8W82abmS3TLZfOctk="
		},
		"esutils": {
			"version": "2.0.2",
			"resolved": "https://zuora.jfrog.io/zuora/api/npm/zuora-npm/esutils/-/esutils-2.0.2.tgz",
			"integrity": "sha1-Cr9PHKpbyx96nYrMbepPqqBLrJs="
		},
		"intl": {
			"version": "1.2.5",
			"resolved": "https://zuora.jfrog.io/zuora/api/npm/zuora-npm/intl/-/intl-1.2.5.tgz",
			"integrity": "sha1-giRKIZDE5Bn4Nx9ao02qNCDiq94="
		},
		"invariant": {
			"version": "2.2.4",
			"resolved": "https://zuora.jfrog.io/zuora/api/npm/zuora-npm/invariant/-/invariant-2.2.4.tgz",
			"integrity": "sha1-YQ88ksk1nOHbYW5TgAjSP/NRWOY=",
			"requires": {
				"loose-envify": "^1.0.0"
			}
		},
		"js-levenshtein": {
			"version": "1.1.6",
			"resolved": "https://zuora.jfrog.io/zuora/api/npm/zuora-npm/js-levenshtein/-/js-levenshtein-1.1.6.tgz",
			"integrity": "sha1-xs7ljrNVA3LfjeuF+tXOZs4B1Z0="
		},
		"js-tokens": {
			"version": "4.0.0",
			"resolved": "https://zuora.jfrog.io/zuora/api/npm/zuora-npm/js-tokens/-/js-tokens-4.0.0.tgz",
			"integrity": "sha1-GSA/tZmR35jjoocFDUZHzerzJJk="
		},
		"lodash": {
			"version": "4.17.19",
			"resolved": "https://registry.npmjs.org/lodash/-/lodash-4.17.19.tgz",
			"integrity": "sha512-JNvd8XER9GQX0v2qJgsaN/mzFCNA5BRe/j8JN9d+tWyGLSodKQHKFicdwNYzWwI3wjRnaKPsGj1XkBjx/F96DQ=="
		},
		"loose-envify": {
			"version": "1.4.0",
			"resolved": "https://zuora.jfrog.io/zuora/api/npm/zuora-npm/loose-envify/-/loose-envify-1.4.0.tgz",
			"integrity": "sha1-ce5R+nvkyuwaY4OffmgtgTLTDK8=",
			"requires": {
				"js-tokens": "^3.0.0 || ^4.0.0"
			}
		},
		"node-releases": {
			"version": "1.1.18",
			"resolved": "https://zuora.jfrog.io/zuora/api/npm/zuora-npm/node-releases/-/node-releases-1.1.18.tgz",
			"integrity": "sha1-zJj9dVmKMkp3GI6932ZQ6cvYsdU=",
			"requires": {
				"semver": "^5.3.0"
			},
			"dependencies": {
				"semver": {
					"version": "5.7.0",
					"resolved": "https://zuora.jfrog.io/zuora/api/npm/zuora-npm/semver/-/semver-5.7.0.tgz",
					"integrity": "sha1-eQp89v6lRZuslhELKbYEEtyP+Ws="
				}
			}
		},
		"semver": {
			"version": "5.5.0",
			"resolved": "https://zuora.jfrog.io/zuora/api/npm/zuora-npm/semver/-/semver-5.5.0.tgz",
			"integrity": "sha1-3Eu8emyp2Rbe5dQ1FvAJK1j3uKs="
		},
		"source-map": {
			"version": "0.6.1",
			"resolved": "https://zuora.jfrog.io/zuora/api/npm/zuora-npm/source-map/-/source-map-0.6.1.tgz",
			"integrity": "sha1-dHIq8y6WFOnCh6jQu95IteLxomM="
		},
		"source-map-support": {
			"version": "0.5.12",
			"resolved": "https://zuora.jfrog.io/zuora/api/npm/zuora-npm/source-map-support/-/source-map-support-0.5.12.tgz",
			"integrity": "sha1-tPOxDVGFelrwE4086AA7IBYT1Zk=",
			"requires": {
				"buffer-from": "^1.0.0",
				"source-map": "^0.6.0"
			}
		},
		"to-fast-properties": {
			"version": "2.0.0",
			"resolved": "https://zuora.jfrog.io/zuora/api/npm/zuora-npm/to-fast-properties/-/to-fast-properties-2.0.0.tgz",
			"integrity": "sha1-3F5pjL0HkmW8c+A3doGk5Og/YW4="
		},
		"whatwg-fetch": {
			"version": "3.0.0",
			"resolved": "https://zuora.jfrog.io/zuora/api/npm/zuora-npm/whatwg-fetch/-/whatwg-fetch-3.0.0.tgz",
			"integrity": "sha1-/IBORYzEYACbGiuWa8iBfSV4rvs="
		}
	}
}
